
Microsoft Visual Studio Solution File, Format Version 12.00
# Visual Studio Version 16
VisualStudioVersion = 16.0.30907.101
MinimumVisualStudioVersion = 10.0.40219.1
Project("{FAE04EC0-301F-11D3-BF4B-00C04F79EFBC}") = "DapperWebApplication", "DapperWebApplication\DapperWebApplication.csproj", "{F1DC3283-FBE6-4177-B207-77955B7D8DD6}"
EndProject
Global
	GlobalSection(SolutionConfigurationPlatforms) = preSolution
		Debug|Any CPU = Debug|Any CPU
		Release|Any CPU = Release|Any CPU
	EndGlobalSection
	GlobalSection(ProjectConfigurationPlatforms) = postSolution
		{F1DC3283-FBE6-4177-B207-77955B7D8DD6}.Debug|Any CPU.ActiveCfg = Debug|Any CPU
		{F1DC3283-FBE6-4177-B207-77955B7D8DD6}.Debug|Any CPU.Build.0 = Debug|Any CPU
		{F1DC3283-FBE6-4177-B207-77955B7D8DD6}.Release|Any CPU.ActiveCfg = Release|Any CPU
		{F1DC3283-FBE6-4177-B207-77955B7D8DD6}.Release|Any CPU.Build.0 = Release|Any CPU
	EndGlobalSection
	GlobalSection(SolutionProperties) = preSolution
		HideSolutionNode = FALSE
	EndGlobalSection
	GlobalSection(ExtensibilityGlobals) = postSolution
		SolutionGuid = {A27685F8-E18C-4D1C-BF36-082542476468}
	EndGlobalSection
EndGlobal
